{
  "nodes": {
    "home-manager": {
      "inputs": {
        "nixpkgs": [
          "nixpkgs"
        ]
      },
      "locked": {
        "lastModified": 1765859973,
        "narHash": "sha256-LN5O0h9GSgcDE/sz4+sLS3CbQALru1x4lh9hrxpeHwI=",
        "owner": "nix-community",
        "repo": "home-manager",
        "rev": "7df150f0d3857cf68dae443813b27acfb201b2d8",
        "type": "github"
      },
      "original": {
        "owner": "nix-community",
        "ref": "release-25.11",
        "repo": "home-manager",
        "type": "github"
      }
    },
    "nix-darwin": {
      "inputs": {
        "nixpkgs": [
          "nixpkgs"
        ]
      },
      "locked": {
        "lastModified": 1765066094,
        "narHash": "sha256-0YSU35gfRFJzx/lTGgOt6ubP8K6LeW0vaywzNNqxkl4=",
        "owner": "nix-darwin",
        "repo": "nix-darwin",
        "rev": "688427b1aab9afb478ca07989dc754fa543e03d5",
        "type": "github"
      },
      "original": {
        "owner": "nix-darwin",
        "ref": "nix-darwin-25.11",
        "repo": "nix-darwin",
        "type": "github"
      }
    },
    "nixpkgs": {
      "locked": {
        "lastModified": 1765750102,
        "narHash": "sha256-0VK0PKOmryh4V2aBakcTpgshQZ7qRsRRwDm7Eqhs1ZI=",
        "owner": "NixOS",
        "repo": "nixpkgs",
        "rev": "8e8751ad07080fe4d5737a0430cd5c1d3ba5c005",
        "type": "github"
      },
      "original": {
        "owner": "NixOS",
        "ref": "nixpkgs-25.11-darwin",
        "repo": "nixpkgs",
        "type": "github"
      }
    },
    "nixpkgs-unstable": {
      "locked": {
        "lastModified": 1765903799,
        "narHash": "sha256-1wbl0y7U8TvSHxDWME7o92bIspfuhjVaTOs27r54uc4=",
        "owner": "NixOS",
        "repo": "nixpkgs",
        "rev": "e8d16d2186d6ed9f047eb30948e97e7e01886d10",
        "type": "github"
      },
      "original": {
        "owner": "NixOS",
        "ref": "nixpkgs-unstable",
        "repo": "nixpkgs",
        "type": "github"
      }
    },
    "root": {
      "inputs": {
        "home-manager": "home-manager",
        "nix-darwin": "nix-darwin",
        "nixpkgs": "nixpkgs",
        "nixpkgs-unstable": "nixpkgs-unstable"
      }
    }
  },
  "root": "root",
  "version": 7
}
